
Microsoft Visual Studio Solution File, Format Version 11.00
# Visual Studio 2010
Project("{FAE04EC0-301F-11D3-BF4B-00C04F79EFBC}") = "Space shooter advanced", "Assembly-CSharp.csproj", "{9FDEF818-984A-0B58-EC08-65C8CAB71F2D}"
EndProject
Project("{FAE04EC0-301F-11D3-BF4B-00C04F79EFBC}") = "Space shooter advanced", "Assembly-CSharp-Editor.csproj", "{2A8F3C3C-AC63-D6D5-4284-0147E9C2CDCC}"
EndProject
Global
	GlobalSection(SolutionConfigurationPlatforms) = preSolution
		Debug|Any CPU = Debug|Any CPU
		Release|Any CPU = Release|Any CPU
	EndGlobalSection
	GlobalSection(ProjectConfigurationPlatforms) = postSolution
		{9FDEF818-984A-0B58-EC08-65C8CAB71F2D}.Debug|Any CPU.ActiveCfg = Debug|Any CPU
		{9FDEF818-984A-0B58-EC08-65C8CAB71F2D}.Debug|Any CPU.Build.0 = Debug|Any CPU
		{9FDEF818-984A-0B58-EC08-65C8CAB71F2D}.Release|Any CPU.ActiveCfg = Release|Any CPU
		{9FDEF818-984A-0B58-EC08-65C8CAB71F2D}.Release|Any CPU.Build.0 = Release|Any CPU
		{2A8F3C3C-AC63-D6D5-4284-0147E9C2CDCC}.Debug|Any CPU.ActiveCfg = Debug|Any CPU
		{2A8F3C3C-AC63-D6D5-4284-0147E9C2CDCC}.Debug|Any CPU.Build.0 = Debug|Any CPU
		{2A8F3C3C-AC63-D6D5-4284-0147E9C2CDCC}.Release|Any CPU.ActiveCfg = Release|Any CPU
		{2A8F3C3C-AC63-D6D5-4284-0147E9C2CDCC}.Release|Any CPU.Build.0 = Release|Any CPU
	EndGlobalSection
	GlobalSection(SolutionProperties) = preSolution
		HideSolutionNode = FALSE
	EndGlobalSection
	GlobalSection(MonoDevelopProperties) = preSolution
		StartupItem = Assembly-CSharp.csproj
	EndGlobalSection
EndGlobal
